
Microsoft Visual Studio Solution File, Format Version 12.00
# Visual Studio Version 16
VisualStudioVersion = 16.0.31112.23
MinimumVisualStudioVersion = 10.0.40219.1
Project("{FAE04EC0-301F-11D3-BF4B-00C04F79EFBC}") = "MenuGenerator", "MenuGenerator\MenuGenerator.csproj", "{8C532E12-5F3E-402A-B769-246E8E621808}"
EndProject
Project("{FAE04EC0-301F-11D3-BF4B-00C04F79EFBC}") = "MenuGenerator.UnitTests", "MenuGenerator.UnitTests\MenuGenerator.UnitTests.csproj", "{29636604-F967-4589-AF2E-EDB5D715C4F3}"
EndProject
Project("{FAE04EC0-301F-11D3-BF4B-00C04F79EFBC}") = "MenuGenerator.Core", "MenuGenerator.Core\MenuGenerator.Core.csproj", "{8C793427-B16B-40E5-B24F-CF22EEE6B9A9}"
EndProject
Project("{FAE04EC0-301F-11D3-BF4B-00C04F79EFBC}") = "MenuGenerator.UITests", "MenuGenerator.UITests\MenuGenerator.UITests.csproj", "{ED05953E-DFBF-4E91-8CD1-A64C0EDBB1F8}"
EndProject
Global
	GlobalSection(SolutionConfigurationPlatforms) = preSolution
		Debug|Any CPU = Debug|Any CPU
		Release|Any CPU = Release|Any CPU
	EndGlobalSection
	GlobalSection(ProjectConfigurationPlatforms) = postSolution
		{8C532E12-5F3E-402A-B769-246E8E621808}.Debug|Any CPU.ActiveCfg = Debug|Any CPU
		{8C532E12-5F3E-402A-B769-246E8E621808}.Debug|Any CPU.Build.0 = Debug|Any CPU
		{8C532E12-5F3E-402A-B769-246E8E621808}.Release|Any CPU.ActiveCfg = Release|Any CPU
		{8C532E12-5F3E-402A-B769-246E8E621808}.Release|Any CPU.Build.0 = Release|Any CPU
		{29636604-F967-4589-AF2E-EDB5D715C4F3}.Debug|Any CPU.ActiveCfg = Debug|Any CPU
		{29636604-F967-4589-AF2E-EDB5D715C4F3}.Debug|Any CPU.Build.0 = Debug|Any CPU
		{29636604-F967-4589-AF2E-EDB5D715C4F3}.Release|Any CPU.ActiveCfg = Release|Any CPU
		{29636604-F967-4589-AF2E-EDB5D715C4F3}.Release|Any CPU.Build.0 = Release|Any CPU
		{8C793427-B16B-40E5-B24F-CF22EEE6B9A9}.Debug|Any CPU.ActiveCfg = Debug|Any CPU
		{8C793427-B16B-40E5-B24F-CF22EEE6B9A9}.Debug|Any CPU.Build.0 = Debug|Any CPU
		{8C793427-B16B-40E5-B24F-CF22EEE6B9A9}.Release|Any CPU.ActiveCfg = Release|Any CPU
		{8C793427-B16B-40E5-B24F-CF22EEE6B9A9}.Release|Any CPU.Build.0 = Release|Any CPU
		{ED05953E-DFBF-4E91-8CD1-A64C0EDBB1F8}.Debug|Any CPU.ActiveCfg = Debug|Any CPU
		{ED05953E-DFBF-4E91-8CD1-A64C0EDBB1F8}.Debug|Any CPU.Build.0 = Debug|Any CPU
		{ED05953E-DFBF-4E91-8CD1-A64C0EDBB1F8}.Release|Any CPU.ActiveCfg = Release|Any CPU
		{ED05953E-DFBF-4E91-8CD1-A64C0EDBB1F8}.Release|Any CPU.Build.0 = Release|Any CPU
	EndGlobalSection
	GlobalSection(SolutionProperties) = preSolution
		HideSolutionNode = FALSE
	EndGlobalSection
	GlobalSection(ExtensibilityGlobals) = postSolution
		SolutionGuid = {E7BFDE31-EC20-4BDE-AC51-114D9E07ED0C}
	EndGlobalSection
EndGlobal
